
Microsoft Visual Studio Solution File, Format Version 12.00
# Visual Studio Version 16
VisualStudioVersion = 16.0.30330.147
MinimumVisualStudioVersion = 10.0.40219.1
Project("{FAE04EC0-301F-11D3-BF4B-00C04F79EFBC}") = "AddressBookPro", "AddressBookPro.csproj", "{38C38D69-AF95-4B6A-9A52-B9EA1B0807CB}"
EndProject
Global
	GlobalSection(SolutionConfigurationPlatforms) = preSolution
		Debug|Any CPU = Debug|Any CPU
		Release|Any CPU = Release|Any CPU
	EndGlobalSection
	GlobalSection(ProjectConfigurationPlatforms) = postSolution
		{38C38D69-AF95-4B6A-9A52-B9EA1B0807CB}.Debug|Any CPU.ActiveCfg = Debug|Any CPU
		{38C38D69-AF95-4B6A-9A52-B9EA1B0807CB}.Debug|Any CPU.Build.0 = Debug|Any CPU
		{38C38D69-AF95-4B6A-9A52-B9EA1B0807CB}.Release|Any CPU.ActiveCfg = Release|Any CPU
		{38C38D69-AF95-4B6A-9A52-B9EA1B0807CB}.Release|Any CPU.Build.0 = Release|Any CPU
	EndGlobalSection
	GlobalSection(SolutionProperties) = preSolution
		HideSolutionNode = FALSE
	EndGlobalSection
	GlobalSection(ExtensibilityGlobals) = postSolution
		SolutionGuid = {C5EC97D5-60FE-4DE7-9DF2-712696402A00}
	EndGlobalSection
EndGlobal
